
Microsoft Visual Studio Solution File, Format Version 12.00
# Visual Studio Version 16
VisualStudioVersion = 16.0.30225.117
MinimumVisualStudioVersion = 10.0.40219.1
Project("{FAE04EC0-301F-11D3-BF4B-00C04F79EFBC}") = "Desafio", "Desafio\Desafio.csproj", "{B07324CF-BF4D-4382-A5E2-7B992EC660A5}"
EndProject
Global
	GlobalSection(SolutionConfigurationPlatforms) = preSolution
		Debug|Any CPU = Debug|Any CPU
		Release|Any CPU = Release|Any CPU
	EndGlobalSection
	GlobalSection(ProjectConfigurationPlatforms) = postSolution
		{B07324CF-BF4D-4382-A5E2-7B992EC660A5}.Debug|Any CPU.ActiveCfg = Debug|Any CPU
		{B07324CF-BF4D-4382-A5E2-7B992EC660A5}.Debug|Any CPU.Build.0 = Debug|Any CPU
		{B07324CF-BF4D-4382-A5E2-7B992EC660A5}.Release|Any CPU.ActiveCfg = Release|Any CPU
		{B07324CF-BF4D-4382-A5E2-7B992EC660A5}.Release|Any CPU.Build.0 = Release|Any CPU
	EndGlobalSection
	GlobalSection(SolutionProperties) = preSolution
		HideSolutionNode = FALSE
	EndGlobalSection
	GlobalSection(ExtensibilityGlobals) = postSolution
		SolutionGuid = {2CC74535-A8B3-42A9-8643-4693813869B5}
	EndGlobalSection
EndGlobal
